
Microsoft Visual Studio Solution File, Format Version 12.00
# Visual Studio Version 16
VisualStudioVersion = 16.0.31624.102
MinimumVisualStudioVersion = 10.0.40219.1
Project("{FAE04EC0-301F-11D3-BF4B-00C04F79EFBC}") = "PointOfSale_Kitchen", "PointOfSale_Client\PointOfSale_Kitchen.csproj", "{AFC81B32-3689-4BD3-8954-2FCC1AA455DE}"
EndProject
Global
	GlobalSection(SolutionConfigurationPlatforms) = preSolution
		Debug|Any CPU = Debug|Any CPU
		Release|Any CPU = Release|Any CPU
	EndGlobalSection
	GlobalSection(ProjectConfigurationPlatforms) = postSolution
		{AFC81B32-3689-4BD3-8954-2FCC1AA455DE}.Debug|Any CPU.ActiveCfg = Debug|Any CPU
		{AFC81B32-3689-4BD3-8954-2FCC1AA455DE}.Debug|Any CPU.Build.0 = Debug|Any CPU
		{AFC81B32-3689-4BD3-8954-2FCC1AA455DE}.Release|Any CPU.ActiveCfg = Release|Any CPU
		{AFC81B32-3689-4BD3-8954-2FCC1AA455DE}.Release|Any CPU.Build.0 = Release|Any CPU
	EndGlobalSection
	GlobalSection(SolutionProperties) = preSolution
		HideSolutionNode = FALSE
	EndGlobalSection
	GlobalSection(ExtensibilityGlobals) = postSolution
		SolutionGuid = {E6380242-1C1E-4B81-A6F0-6F147E17B13A}
	EndGlobalSection
EndGlobal
